
Microsoft Visual Studio Solution File, Format Version 12.00
Project("{FAE04EC0-301F-11D3-BF4B-00C04F79EFBC}") = "Battleships", "Battleships\Battleships.csproj", "{74609443-645E-42A7-ACD9-3E1C8D9762A9}"
EndProject
Project("{FAE04EC0-301F-11D3-BF4B-00C04F79EFBC}") = "Battleships.Tests", "Battleships.Tests\Battleships.Tests.csproj", "{5515DF8E-F57E-4636-89AC-B9C6D1A60FE4}"
EndProject
Global
	GlobalSection(SolutionConfigurationPlatforms) = preSolution
		Debug|Any CPU = Debug|Any CPU
		Release|Any CPU = Release|Any CPU
	EndGlobalSection
	GlobalSection(ProjectConfigurationPlatforms) = postSolution
		{74609443-645E-42A7-ACD9-3E1C8D9762A9}.Debug|Any CPU.ActiveCfg = Debug|Any CPU
		{74609443-645E-42A7-ACD9-3E1C8D9762A9}.Debug|Any CPU.Build.0 = Debug|Any CPU
		{74609443-645E-42A7-ACD9-3E1C8D9762A9}.Release|Any CPU.ActiveCfg = Release|Any CPU
		{74609443-645E-42A7-ACD9-3E1C8D9762A9}.Release|Any CPU.Build.0 = Release|Any CPU
		{5515DF8E-F57E-4636-89AC-B9C6D1A60FE4}.Debug|Any CPU.ActiveCfg = Debug|Any CPU
		{5515DF8E-F57E-4636-89AC-B9C6D1A60FE4}.Debug|Any CPU.Build.0 = Debug|Any CPU
		{5515DF8E-F57E-4636-89AC-B9C6D1A60FE4}.Release|Any CPU.ActiveCfg = Release|Any CPU
		{5515DF8E-F57E-4636-89AC-B9C6D1A60FE4}.Release|Any CPU.Build.0 = Release|Any CPU
	EndGlobalSection
EndGlobal
